// !$*UTF8*$!
{
	archiveVersion = 1;
	classes = {
	};
	objectVersion = 46;
	objects = {

/* Begin PBXBuildFile section */
		740C61CF1DFB3E3100FFD551 /* ChartViewController.swift in Sources */ = {isa = PBXBuildFile; fileRef = 740C61CE1DFB3E3100FFD551 /* ChartViewController.swift */; };
		740C61D11DFB403800FFD551 /* DataTableViewCell.swift in Sources */ = {isa = PBXBuildFile; fileRef = 740C61D01DFB403800FFD551 /* DataTableViewCell.swift */; };
		74D301FE1DDA007200F44F20 /* Database.swift in Sources */ = {isa = PBXBuildFile; fileRef = 74D301FD1DDA007200F44F20 /* Database.swift */; };
		74FD2FD51DFF424300AF34EB /* EditHistoryViewController.swift in Sources */ = {isa = PBXBuildFile; fileRef = 74FD2FD41DFF424300AF34EB /* EditHistoryViewController.swift */; };
		9130381F1DD5126200885AE2 /* AppDelegate.swift in Sources */ = {isa = PBXBuildFile; fileRef = 9130381E1DD5126200885AE2 /* AppDelegate.swift */; };
		913038211DD5126200885AE2 /* DashboardViewController.swift in Sources */ = {isa = PBXBuildFile; fileRef = 913038201DD5126200885AE2 /* DashboardViewController.swift */; };
		913038231DD5126200885AE2 /* DataViewController.swift in Sources */ = {isa = PBXBuildFile; fileRef = 913038221DD5126200885AE2 /* DataViewController.swift */; };
		913038261DD5126200885AE2 /* Main.storyboard in Resources */ = {isa = PBXBuildFile; fileRef = 913038241DD5126200885AE2 /* Main.storyboard */; };
		9130382B1DD5126200885AE2 /* LaunchScreen.storyboard in Resources */ = {isa = PBXBuildFile; fileRef = 913038291DD5126200885AE2 /* LaunchScreen.storyboard */; };
		9136171B1DFF19D70002432C /* Assets.xcassets in Resources */ = {isa = PBXBuildFile; fileRef = 9136171A1DFF19D70002432C /* Assets.xcassets */; };
		9170DCF41DF0CFCE00C5CDB4 /* AddNewActivityButton.swift in Sources */ = {isa = PBXBuildFile; fileRef = 9170DCF31DF0CFCE00C5CDB4 /* AddNewActivityButton.swift */; };
		9170DCF81DF0E36700C5CDB4 /* NavigationControllerDelegate.swift in Sources */ = {isa = PBXBuildFile; fileRef = 9170DCF71DF0E36700C5CDB4 /* NavigationControllerDelegate.swift */; };
		9170DCFA1DF0E43D00C5CDB4 /* CircleTransitionAnimator.swift in Sources */ = {isa = PBXBuildFile; fileRef = 9170DCF91DF0E43D00C5CDB4 /* CircleTransitionAnimator.swift */; };
		9170DCFC1DF336D300C5CDB4 /* DashboardBackgroundCircle.swift in Sources */ = {isa = PBXBuildFile; fileRef = 9170DCFB1DF336D300C5CDB4 /* DashboardBackgroundCircle.swift */; };
		91876A621E8DB32E00CBD48F /* Realm.framework in Frameworks */ = {isa = PBXBuildFile; fileRef = 91876A611E8DB32E00CBD48F /* Realm.framework */; };
		91876A631E8DB32E00CBD48F /* Realm.framework in Embed Frameworks */ = {isa = PBXBuildFile; fileRef = 91876A611E8DB32E00CBD48F /* Realm.framework */; settings = {ATTRIBUTES = (CodeSignOnCopy, RemoveHeadersOnCopy, ); }; };
		91876A651E8DB33700CBD48F /* RealmSwift.framework in Frameworks */ = {isa = PBXBuildFile; fileRef = 91876A641E8DB33700CBD48F /* RealmSwift.framework */; };
		91876A661E8DB33700CBD48F /* RealmSwift.framework in Embed Frameworks */ = {isa = PBXBuildFile; fileRef = 91876A641E8DB33700CBD48F /* RealmSwift.framework */; settings = {ATTRIBUTES = (CodeSignOnCopy, RemoveHeadersOnCopy, ); }; };
		91B49C8B1DEF7B16009573A3 /* SofiaProSemiBold.otf in Resources */ = {isa = PBXBuildFile; fileRef = 91F7BFAD1DEF78B90034778A /* SofiaProSemiBold.otf */; };
		91C12F6E1DEE3C1100B59595 /* NeuzeitGroT.ttf in Resources */ = {isa = PBXBuildFile; fileRef = 9100F8751DEDF5B1007A5E2E /* NeuzeitGroT.ttf */; };
		91C12F6F1DEE3C1300B59595 /* NeuzeitGroT_Bold.ttf in Resources */ = {isa = PBXBuildFile; fileRef = 9100F8761DEDF5B7007A5E2E /* NeuzeitGroT_Bold.ttf */; };
		91C12F721DEE4A8600B59595 /* TodayTableViewCell.swift in Sources */ = {isa = PBXBuildFile; fileRef = 91C12F711DEE4A8600B59595 /* TodayTableViewCell.swift */; };
		91D232DB1DFB3799001B6489 /* SelectActivityTypeButton.swift in Sources */ = {isa = PBXBuildFile; fileRef = 91D232DA1DFB3799001B6489 /* SelectActivityTypeButton.swift */; };
		91F30E4A1DDA510700A48F03 /* BooleanTableViewCell.swift in Sources */ = {isa = PBXBuildFile; fileRef = 91F30E491DDA510700A48F03 /* BooleanTableViewCell.swift */; };
		91F30E4C1DDA511D00A48F03 /* CounterTableViewCell.swift in Sources */ = {isa = PBXBuildFile; fileRef = 91F30E4B1DDA511D00A48F03 /* CounterTableViewCell.swift */; };
		91F30E4E1DDA512700A48F03 /* SliderTableViewCell.swift in Sources */ = {isa = PBXBuildFile; fileRef = 91F30E4D1DDA512700A48F03 /* SliderTableViewCell.swift */; };
		91F30E501DDA513600A48F03 /* TimeTableViewCell.swift in Sources */ = {isa = PBXBuildFile; fileRef = 91F30E4F1DDA513600A48F03 /* TimeTableViewCell.swift */; };
		91F6C44E1DD51628001731A3 /* HistoryViewController.swift in Sources */ = {isa = PBXBuildFile; fileRef = 91F6C44D1DD51628001731A3 /* HistoryViewController.swift */; };
		91F6C4501DD5164B001731A3 /* SettingsViewController.swift in Sources */ = {isa = PBXBuildFile; fileRef = 91F6C44F1DD5164B001731A3 /* SettingsViewController.swift */; };
		91F7BFAC1DEF711C0034778A /* LaunchScreen.storyboard in Resources */ = {isa = PBXBuildFile; fileRef = 91F7BFAB1DEF711C0034778A /* LaunchScreen.storyboard */; };
		91FDB6341EA10FF200B3AEBF /* PieChartViewController.swift in Sources */ = {isa = PBXBuildFile; fileRef = 91FDB6331EA10FF200B3AEBF /* PieChartViewController.swift */; };
		FE69B5210051AE60288C1CD0 /* Pods_lifetracker.framework in Frameworks */ = {isa = PBXBuildFile; fileRef = 737292861AD067EC8FF70A18 /* Pods_lifetracker.framework */; };
/* End PBXBuildFile section */

/* Begin PBXCopyFilesBuildPhase section */
		9178A1141E8DAC9700BC8818 /* Embed Frameworks */ = {
			isa = PBXCopyFilesBuildPhase;
			buildActionMask = 2147483647;
			dstPath = "";
			dstSubfolderSpec = 10;
			files = (
				91876A661E8DB33700CBD48F /* RealmSwift.framework in Embed Frameworks */,
				91876A631E8DB32E00CBD48F /* Realm.framework in Embed Frameworks */,
			);
			name = "Embed Frameworks";
			runOnlyForDeploymentPostprocessing = 0;
		};
/* End PBXCopyFilesBuildPhase section */

/* Begin PBXFileReference section */
		2EE7FC081E44D342A2311026 /* Pods-lifetracker.release.xcconfig */ = {isa = PBXFileReference; includeInIndex = 1; lastKnownFileType = text.xcconfig; name = "Pods-lifetracker.release.xcconfig"; path = "Pods/Target Support Files/Pods-lifetracker/Pods-lifetracker.release.xcconfig"; sourceTree = "<group>"; };
		737292861AD067EC8FF70A18 /* Pods_lifetracker.framework */ = {isa = PBXFileReference; explicitFileType = wrapper.framework; includeInIndex = 0; path = Pods_lifetracker.framework; sourceTree = BUILT_PRODUCTS_DIR; };
		740C61CE1DFB3E3100FFD551 /* ChartViewController.swift */ = {isa = PBXFileReference; fileEncoding = 4; lastKnownFileType = sourcecode.swift; path = ChartViewController.swift; sourceTree = "<group>"; };
		740C61D01DFB403800FFD551 /* DataTableViewCell.swift */ = {isa = PBXFileReference; fileEncoding = 4; lastKnownFileType = sourcecode.swift; path = DataTableViewCell.swift; sourceTree = "<group>"; };
		74D301FD1DDA007200F44F20 /* Database.swift */ = {isa = PBXFileReference; fileEncoding = 4; lastKnownFileType = sourcecode.swift; path = Database.swift; sourceTree = "<group>"; };
		74FD2FD41DFF424300AF34EB /* EditHistoryViewController.swift */ = {isa = PBXFileReference; fileEncoding = 4; lastKnownFileType = sourcecode.swift; path = EditHistoryViewController.swift; sourceTree = "<group>"; };
		8A1FEDC92733C29E1BEABE76 /* Pods-lifetracker.debug.xcconfig */ = {isa = PBXFileReference; includeInIndex = 1; lastKnownFileType = text.xcconfig; name = "Pods-lifetracker.debug.xcconfig"; path = "Pods/Target Support Files/Pods-lifetracker/Pods-lifetracker.debug.xcconfig"; sourceTree = "<group>"; };
		9100F8751DEDF5B1007A5E2E /* NeuzeitGroT.ttf */ = {isa = PBXFileReference; lastKnownFileType = file; path = NeuzeitGroT.ttf; sourceTree = "<group>"; };
		9100F8761DEDF5B7007A5E2E /* NeuzeitGroT_Bold.ttf */ = {isa = PBXFileReference; lastKnownFileType = file; path = NeuzeitGroT_Bold.ttf; sourceTree = "<group>"; };
		9130381B1DD5126200885AE2 /* lifetracker.app */ = {isa = PBXFileReference; explicitFileType = wrapper.application; includeInIndex = 0; path = lifetracker.app; sourceTree = BUILT_PRODUCTS_DIR; };
		9130381E1DD5126200885AE2 /* AppDelegate.swift */ = {isa = PBXFileReference; lastKnownFileType = sourcecode.swift; path = AppDelegate.swift; sourceTree = "<group>"; };
		913038201DD5126200885AE2 /* DashboardViewController.swift */ = {isa = PBXFileReference; lastKnownFileType = sourcecode.swift; path = DashboardViewController.swift; sourceTree = "<group>"; };
		913038221DD5126200885AE2 /* DataViewController.swift */ = {isa = PBXFileReference; lastKnownFileType = sourcecode.swift; path = DataViewController.swift; sourceTree = "<group>"; };
		913038251DD5126200885AE2 /* Base */ = {isa = PBXFileReference; lastKnownFileType = file.storyboard; name = Base; path = Base.lproj/Main.storyboard; sourceTree = "<group>"; };
		9130382A1DD5126200885AE2 /* Base */ = {isa = PBXFileReference; lastKnownFileType = file.storyboard; name = Base; path = Base.lproj/LaunchScreen.storyboard; sourceTree = "<group>"; };
		9130382C1DD5126200885AE2 /* Info.plist */ = {isa = PBXFileReference; lastKnownFileType = text.plist.xml; path = Info.plist; sourceTree = "<group>"; };
		9136171A1DFF19D70002432C /* Assets.xcassets */ = {isa = PBXFileReference; lastKnownFileType = folder.assetcatalog; name = Assets.xcassets; path = ../Assets.xcassets; sourceTree = "<group>"; };
		9170DCF31DF0CFCE00C5CDB4 /* AddNewActivityButton.swift */ = {isa = PBXFileReference; fileEncoding = 4; lastKnownFileType = sourcecode.swift; path = AddNewActivityButton.swift; sourceTree = "<group>"; };
		9170DCF71DF0E36700C5CDB4 /* NavigationControllerDelegate.swift */ = {isa = PBXFileReference; fileEncoding = 4; lastKnownFileType = sourcecode.swift; path = NavigationControllerDelegate.swift; sourceTree = "<group>"; };
		9170DCF91DF0E43D00C5CDB4 /* CircleTransitionAnimator.swift */ = {isa = PBXFileReference; fileEncoding = 4; lastKnownFileType = sourcecode.swift; path = CircleTransitionAnimator.swift; sourceTree = "<group>"; };
		9170DCFB1DF336D300C5CDB4 /* DashboardBackgroundCircle.swift */ = {isa = PBXFileReference; fileEncoding = 4; lastKnownFileType = sourcecode.swift; path = DashboardBackgroundCircle.swift; sourceTree = "<group>"; };
		91876A611E8DB32E00CBD48F /* Realm.framework */ = {isa = PBXFileReference; lastKnownFileType = wrapper.framework; path = Realm.framework; sourceTree = "<group>"; };
		91876A641E8DB33700CBD48F /* RealmSwift.framework */ = {isa = PBXFileReference; lastKnownFileType = wrapper.framework; path = RealmSwift.framework; sourceTree = "<group>"; };
		91C12F711DEE4A8600B59595 /* TodayTableViewCell.swift */ = {isa = PBXFileReference; fileEncoding = 4; lastKnownFileType = sourcecode.swift; path = TodayTableViewCell.swift; sourceTree = "<group>"; };
		91D232DA1DFB3799001B6489 /* SelectActivityTypeButton.swift */ = {isa = PBXFileReference; fileEncoding = 4; lastKnownFileType = sourcecode.swift; name = SelectActivityTypeButton.swift; path = ../SelectActivityTypeButton.swift; sourceTree = "<group>"; };
		91F30E491DDA510700A48F03 /* BooleanTableViewCell.swift */ = {isa = PBXFileReference; fileEncoding = 4; lastKnownFileType = sourcecode.swift; name = BooleanTableViewCell.swift; path = ../BooleanTableViewCell.swift; sourceTree = "<group>"; };
		91F30E4B1DDA511D00A48F03 /* CounterTableViewCell.swift */ = {isa = PBXFileReference; fileEncoding = 4; lastKnownFileType = sourcecode.swift; name = CounterTableViewCell.swift; path = ../CounterTableViewCell.swift; sourceTree = "<group>"; };
		91F30E4D1DDA512700A48F03 /* SliderTableViewCell.swift */ = {isa = PBXFileReference; fileEncoding = 4; lastKnownFileType = sourcecode.swift; name = SliderTableViewCell.swift; path = ../SliderTableViewCell.swift; sourceTree = "<group>"; };
		91F30E4F1DDA513600A48F03 /* TimeTableViewCell.swift */ = {isa = PBXFileReference; fileEncoding = 4; lastKnownFileType = sourcecode.swift; name = TimeTableViewCell.swift; path = ../TimeTableViewCell.swift; sourceTree = "<group>"; };
		91F6C44D1DD51628001731A3 /* HistoryViewController.swift */ = {isa = PBXFileReference; fileEncoding = 4; lastKnownFileType = sourcecode.swift; path = HistoryViewController.swift; sourceTree = "<group>"; };
		91F6C44F1DD5164B001731A3 /* SettingsViewController.swift */ = {isa = PBXFileReference; fileEncoding = 4; lastKnownFileType = sourcecode.swift; path = SettingsViewController.swift; sourceTree = "<group>"; };
		91F7BFAB1DEF711C0034778A /* LaunchScreen.storyboard */ = {isa = PBXFileReference; fileEncoding = 4; lastKnownFileType = file.storyboard; path = LaunchScreen.storyboard; sourceTree = "<group>"; };
		91F7BFAD1DEF78B90034778A /* SofiaProSemiBold.otf */ = {isa = PBXFileReference; lastKnownFileType = file; path = SofiaProSemiBold.otf; sourceTree = "<group>"; };
		91FDB6331EA10FF200B3AEBF /* PieChartViewController.swift */ = {isa = PBXFileReference; fileEncoding = 4; lastKnownFileType = sourcecode.swift; name = PieChartViewController.swift; path = ../PieChartViewController.swift; sourceTree = "<group>"; };
/* End PBXFileReference section */

/* Begin PBXFrameworksBuildPhase section */
		913038181DD5126100885AE2 /* Frameworks */ = {
			isa = PBXFrameworksBuildPhase;
			buildActionMask = 2147483647;
			files = (
				91876A651E8DB33700CBD48F /* RealmSwift.framework in Frameworks */,
				91876A621E8DB32E00CBD48F /* Realm.framework in Frameworks */,
				FE69B5210051AE60288C1CD0 /* Pods_lifetracker.framework in Frameworks */,
			);
			runOnlyForDeploymentPostprocessing = 0;
		};
/* End PBXFrameworksBuildPhase section */

/* Begin PBXGroup section */
		22FCFBCC2D764ADE1C21AF1B /* Frameworks */ = {
			isa = PBXGroup;
			children = (
				737292861AD067EC8FF70A18 /* Pods_lifetracker.framework */,
			);
			name = Frameworks;
			sourceTree = "<group>";
		};
		913038121DD5126100885AE2 = {
			isa = PBXGroup;
			children = (
				91876A641E8DB33700CBD48F /* RealmSwift.framework */,
				91876A611E8DB32E00CBD48F /* Realm.framework */,
				9130381D1DD5126200885AE2 /* lifetracker */,
				9130381C1DD5126200885AE2 /* Products */,
				C9AA6A390A796904E79A90BF /* Pods */,
				22FCFBCC2D764ADE1C21AF1B /* Frameworks */,
			);
			sourceTree = "<group>";
		};
		9130381C1DD5126200885AE2 /* Products */ = {
			isa = PBXGroup;
			children = (
				9130381B1DD5126200885AE2 /* lifetracker.app */,
			);
			name = Products;
			sourceTree = "<group>";
		};
		9130381D1DD5126200885AE2 /* lifetracker */ = {
			isa = PBXGroup;
			children = (
				9130381E1DD5126200885AE2 /* AppDelegate.swift */,
				913038201DD5126200885AE2 /* DashboardViewController.swift */,
				913038221DD5126200885AE2 /* DataViewController.swift */,
				740C61CE1DFB3E3100FFD551 /* ChartViewController.swift */,
				91FDB6331EA10FF200B3AEBF /* PieChartViewController.swift */,
				91F6C44F1DD5164B001731A3 /* SettingsViewController.swift */,
				9170DCF31DF0CFCE00C5CDB4 /* AddNewActivityButton.swift */,
				91D232DA1DFB3799001B6489 /* SelectActivityTypeButton.swift */,
				9170DCFB1DF336D300C5CDB4 /* DashboardBackgroundCircle.swift */,
				913038241DD5126200885AE2 /* Main.storyboard */,
				74FD2FD41DFF424300AF34EB /* EditHistoryViewController.swift */,
				740C61D01DFB403800FFD551 /* DataTableViewCell.swift */,
				9170DCF71DF0E36700C5CDB4 /* NavigationControllerDelegate.swift */,
				9170DCF91DF0E43D00C5CDB4 /* CircleTransitionAnimator.swift */,
				91C12F711DEE4A8600B59595 /* TodayTableViewCell.swift */,
				91F30E491DDA510700A48F03 /* BooleanTableViewCell.swift */,
				91F30E4F1DDA513600A48F03 /* TimeTableViewCell.swift */,
				91F30E4B1DDA511D00A48F03 /* CounterTableViewCell.swift */,
				91F30E4D1DDA512700A48F03 /* SliderTableViewCell.swift */,
				91F6C44D1DD51628001731A3 /* HistoryViewController.swift */,
				74D301FD1DDA007200F44F20 /* Database.swift */,
				9136171A1DFF19D70002432C /* Assets.xcassets */,
				91C12F701DEE3C3D00B59595 /* Resources */,
				913038291DD5126200885AE2 /* LaunchScreen.storyboard */,
				9130382C1DD5126200885AE2 /* Info.plist */,
				91F7BFAB1DEF711C0034778A /* LaunchScreen.storyboard */,
			);
			path = lifetracker;
			sourceTree = "<group>";
		};
		91C12F701DEE3C3D00B59595 /* Resources */ = {
			isa = PBXGroup;
			children = (
				91F7BFAD1DEF78B90034778A /* SofiaProSemiBold.otf */,
				9100F8751DEDF5B1007A5E2E /* NeuzeitGroT.ttf */,
				9100F8761DEDF5B7007A5E2E /* NeuzeitGroT_Bold.ttf */,
			);
			name = Resources;
			sourceTree = "<group>";
		};
		C9AA6A390A796904E79A90BF /* Pods */ = {
			isa = PBXGroup;
			children = (
				8A1FEDC92733C29E1BEABE76 /* Pods-lifetracker.debug.xcconfig */,
				2EE7FC081E44D342A2311026 /* Pods-lifetracker.release.xcconfig */,
			);
			name = Pods;
			sourceTree = "<group>";
		};
/* End PBXGroup section */

/* Begin PBXNativeTarget section */
		9130381A1DD5126100885AE2 /* lifetracker */ = {
			isa = PBXNativeTarget;
			buildConfigurationList = 9130382F1DD5126200885AE2 /* Build configuration list for PBXNativeTarget "lifetracker" */;
			buildPhases = (
				E2031D445B9B8762B67D77CA /* [CP] Check Pods Manifest.lock */,
				913038171DD5126100885AE2 /* Sources */,
				913038181DD5126100885AE2 /* Frameworks */,
				913038191DD5126100885AE2 /* Resources */,
				9178A1141E8DAC9700BC8818 /* Embed Frameworks */,
				74D302061DDA071900F44F20 /* ShellScript */,
				A9BF58713B58A4F348805F7F /* [CP] Embed Pods Frameworks */,
				6894EB997C1C4DEF648269B7 /* [CP] Copy Pods Resources */,
			);
			buildRules = (
			);
			dependencies = (
			);
			name = lifetracker;
			productName = lifetracker;
			productReference = 9130381B1DD5126200885AE2 /* lifetracker.app */;
			productType = "com.apple.product-type.application";
		};
/* End PBXNativeTarget section */

/* Begin PBXProject section */
		913038131DD5126100885AE2 /* Project object */ = {
			isa = PBXProject;
			attributes = {
				LastSwiftUpdateCheck = 0730;
				LastUpgradeCheck = 0820;
				ORGANIZATIONNAME = "Doug Gandle";
				TargetAttributes = {
					9130381A1DD5126100885AE2 = {
						CreatedOnToolsVersion = 7.3.1;
						DevelopmentTeam = 6D8Y8Z8FDA;
						LastSwiftMigration = 0820;
					};
				};
			};
			buildConfigurationList = 913038161DD5126100885AE2 /* Build configuration list for PBXProject "lifetracker" */;
			compatibilityVersion = "Xcode 3.2";
			developmentRegion = English;
			hasScannedForEncodings = 0;
			knownRegions = (
				en,
				Base,
			);
			mainGroup = 913038121DD5126100885AE2;
			productRefGroup = 9130381C1DD5126200885AE2 /* Products */;
			projectDirPath = "";
			projectRoot = "";
			targets = (
				9130381A1DD5126100885AE2 /* lifetracker */,
			);
		};
/* End PBXProject section */

/* Begin PBXResourcesBuildPhase section */
		913038191DD5126100885AE2 /* Resources */ = {
			isa = PBXResourcesBuildPhase;
			buildActionMask = 2147483647;
			files = (
				91F7BFAC1DEF711C0034778A /* LaunchScreen.storyboard in Resources */,
				9130382B1DD5126200885AE2 /* LaunchScreen.storyboard in Resources */,
				91C12F6F1DEE3C1300B59595 /* NeuzeitGroT_Bold.ttf in Resources */,
				91B49C8B1DEF7B16009573A3 /* SofiaProSemiBold.otf in Resources */,
				913038261DD5126200885AE2 /* Main.storyboard in Resources */,
				91C12F6E1DEE3C1100B59595 /* NeuzeitGroT.ttf in Resources */,
				9136171B1DFF19D70002432C /* Assets.xcassets in Resources */,
			);
			runOnlyForDeploymentPostprocessing = 0;
		};
/* End PBXResourcesBuildPhase section */

/* Begin PBXShellScriptBuildPhase section */
		6894EB997C1C4DEF648269B7 /* [CP] Copy Pods Resources */ = {
			isa = PBXShellScriptBuildPhase;
			buildActionMask = 2147483647;
			files = (
			);
			inputPaths = (
			);
			name = "[CP] Copy Pods Resources";
			outputPaths = (
			);
			runOnlyForDeploymentPostprocessing = 0;
			shellPath = /bin/sh;
			shellScript = "\"${SRCROOT}/Pods/Target Support Files/Pods-lifetracker/Pods-lifetracker-resources.sh\"\n";
			showEnvVarsInLog = 0;
		};
		74D302061DDA071900F44F20 /* ShellScript */ = {
			isa = PBXShellScriptBuildPhase;
			buildActionMask = 2147483647;
			files = (
			);
			inputPaths = (
			);
			outputPaths = (
			);
			runOnlyForDeploymentPostprocessing = 0;
			shellPath = /bin/sh;
			shellScript = "bash \"${BUILT_PRODUCTS_DIR}/${FRAMEWORKS_FOLDER_PATH}/Realm.framework/strip-frameworks.sh\"";
		};
		A9BF58713B58A4F348805F7F /* [CP] Embed Pods Frameworks */ = {
			isa = PBXShellScriptBuildPhase;
			buildActionMask = 2147483647;
			files = (
			);
			inputPaths = (
			);
			name = "[CP] Embed Pods Frameworks";
			outputPaths = (
			);
			runOnlyForDeploymentPostprocessing = 0;
			shellPath = /bin/sh;
			shellScript = "\"${SRCROOT}/Pods/Target Support Files/Pods-lifetracker/Pods-lifetracker-frameworks.sh\"\n";
			showEnvVarsInLog = 0;
		};
		E2031D445B9B8762B67D77CA /* [CP] Check Pods Manifest.lock */ = {
			isa = PBXShellScriptBuildPhase;
			buildActionMask = 2147483647;
			files = (
			);
			inputPaths = (
			);
			name = "[CP] Check Pods Manifest.lock";
			outputPaths = (
			);
			runOnlyForDeploymentPostprocessing = 0;
			shellPath = /bin/sh;
			shellScript = "diff \"${PODS_ROOT}/../Podfile.lock\" \"${PODS_ROOT}/Manifest.lock\" > /dev/null\nif [ $? != 0 ] ; then\n    # print error to STDERR\n    echo \"error: The sandbox is not in sync with the Podfile.lock. Run 'pod install' or update your CocoaPods installation.\" >&2\n    exit 1\nfi\n";
			showEnvVarsInLog = 0;
		};
/* End PBXShellScriptBuildPhase section */

/* Begin PBXSourcesBuildPhase section */
		913038171DD5126100885AE2 /* Sources */ = {
			isa = PBXSourcesBuildPhase;
			buildActionMask = 2147483647;
			files = (
				91F30E4A1DDA510700A48F03 /* BooleanTableViewCell.swift in Sources */,
				9170DCFA1DF0E43D00C5CDB4 /* CircleTransitionAnimator.swift in Sources */,
				74D301FE1DDA007200F44F20 /* Database.swift in Sources */,
				913038231DD5126200885AE2 /* DataViewController.swift in Sources */,
				9170DCFC1DF336D300C5CDB4 /* DashboardBackgroundCircle.swift in Sources */,
				740C61CF1DFB3E3100FFD551 /* ChartViewController.swift in Sources */,
				91FDB6341EA10FF200B3AEBF /* PieChartViewController.swift in Sources */,
				740C61D11DFB403800FFD551 /* DataTableViewCell.swift in Sources */,
				91F30E4E1DDA512700A48F03 /* SliderTableViewCell.swift in Sources */,
				9130381F1DD5126200885AE2 /* AppDelegate.swift in Sources */,
				9170DCF41DF0CFCE00C5CDB4 /* AddNewActivityButton.swift in Sources */,
				91F30E501DDA513600A48F03 /* TimeTableViewCell.swift in Sources */,
				74FD2FD51DFF424300AF34EB /* EditHistoryViewController.swift in Sources */,
				913038211DD5126200885AE2 /* DashboardViewController.swift in Sources */,
				91D232DB1DFB3799001B6489 /* SelectActivityTypeButton.swift in Sources */,
				91F6C4501DD5164B001731A3 /* SettingsViewController.swift in Sources */,
				91F30E4C1DDA511D00A48F03 /* CounterTableViewCell.swift in Sources */,
				91C12F721DEE4A8600B59595 /* TodayTableViewCell.swift in Sources */,
				9170DCF81DF0E36700C5CDB4 /* NavigationControllerDelegate.swift in Sources */,
				91F6C44E1DD51628001731A3 /* HistoryViewController.swift in Sources */,
			);
			runOnlyForDeploymentPostprocessing = 0;
		};
/* End PBXSourcesBuildPhase section */

/* Begin PBXVariantGroup section */
		913038241DD5126200885AE2 /* Main.storyboard */ = {
			isa = PBXVariantGroup;
			children = (
				913038251DD5126200885AE2 /* Base */,
			);
			name = Main.storyboard;
			sourceTree = "<group>";
		};
		913038291DD5126200885AE2 /* LaunchScreen.storyboard */ = {
			isa = PBXVariantGroup;
			children = (
				9130382A1DD5126200885AE2 /* Base */,
			);
			name = LaunchScreen.storyboard;
			sourceTree = "<group>";
		};
/* End PBXVariantGroup section */

/* Begin XCBuildConfiguration section */
		9130382D1DD5126200885AE2 /* Debug */ = {
			isa = XCBuildConfiguration;
			buildSettings = {
				ALWAYS_SEARCH_USER_PATHS = NO;
				CLANG_ANALYZER_NONNULL = YES;
				CLANG_CXX_LANGUAGE_STANDARD = "gnu++0x";
				CLANG_CXX_LIBRARY = "libc++";
				CLANG_ENABLE_MODULES = YES;
				CLANG_ENABLE_OBJC_ARC = YES;
				CLANG_WARN_BOOL_CONVERSION = YES;
				CLANG_WARN_CONSTANT_CONVERSION = YES;
				CLANG_WARN_DIRECT_OBJC_ISA_USAGE = YES_ERROR;
				CLANG_WARN_EMPTY_BODY = YES;
				CLANG_WARN_ENUM_CONVERSION = YES;
				CLANG_WARN_INFINITE_RECURSION = YES;
				CLANG_WARN_INT_CONVERSION = YES;
				CLANG_WARN_OBJC_ROOT_CLASS = YES_ERROR;
				CLANG_WARN_SUSPICIOUS_MOVE = YES;
				CLANG_WARN_UNREACHABLE_CODE = YES;
				CLANG_WARN__DUPLICATE_METHOD_MATCH = YES;
				"CODE_SIGN_IDENTITY[sdk=iphoneos*]" = "iPhone Developer";
				COPY_PHASE_STRIP = NO;
				DEBUG_INFORMATION_FORMAT = dwarf;
				ENABLE_STRICT_OBJC_MSGSEND = YES;
				ENABLE_TESTABILITY = YES;
				GCC_C_LANGUAGE_STANDARD = gnu99;
				GCC_DYNAMIC_NO_PIC = NO;
				GCC_NO_COMMON_BLOCKS = YES;
				GCC_OPTIMIZATION_LEVEL = 0;
				GCC_PREPROCESSOR_DEFINITIONS = (
					"DEBUG=1",
					"$(inherited)",
				);
				GCC_WARN_64_TO_32_BIT_CONVERSION = YES;
				GCC_WARN_ABOUT_RETURN_TYPE = YES_ERROR;
				GCC_WARN_UNDECLARED_SELECTOR = YES;
				GCC_WARN_UNINITIALIZED_AUTOS = YES_AGGRESSIVE;
				GCC_WARN_UNUSED_FUNCTION = YES;
				GCC_WARN_UNUSED_VARIABLE = YES;
				IPHONEOS_DEPLOYMENT_TARGET = 10.2;
				MTL_ENABLE_DEBUG_INFO = YES;
				ONLY_ACTIVE_ARCH = YES;
				SDKROOT = iphoneos;
				SWIFT_OPTIMIZATION_LEVEL = "-Onone";
				TARGETED_DEVICE_FAMILY = "1,2";
			};
			name = Debug;
		};
		9130382E1DD5126200885AE2 /* Release */ = {
			isa = XCBuildConfiguration;
			buildSettings = {
				ALWAYS_SEARCH_USER_PATHS = NO;
				CLANG_ANALYZER_NONNULL = YES;
				CLANG_CXX_LANGUAGE_STANDARD = "gnu++0x";
				CLANG_CXX_LIBRARY = "libc++";
				CLANG_ENABLE_MODULES = YES;
				CLANG_ENABLE_OBJC_ARC = YES;
				CLANG_WARN_BOOL_CONVERSION = YES;
				CLANG_WARN_CONSTANT_CONVERSION = YES;
				CLANG_WARN_DIRECT_OBJC_ISA_USAGE = YES_ERROR;
				CLANG_WARN_EMPTY_BODY = YES;
				CLANG_WARN_ENUM_CONVERSION = YES;
				CLANG_WARN_INFINITE_RECURSION = YES;
				CLANG_WARN_INT_CONVERSION = YES;
				CLANG_WARN_OBJC_ROOT_CLASS = YES_ERROR;
				CLANG_WARN_SUSPICIOUS_MOVE = YES;
				CLANG_WARN_UNREACHABLE_CODE = YES;
				CLANG_WARN__DUPLICATE_METHOD_MATCH = YES;
				"CODE_SIGN_IDENTITY[sdk=iphoneos*]" = "iPhone Developer";
				COPY_PHASE_STRIP = NO;
				DEBUG_INFORMATION_FORMAT = "dwarf-with-dsym";
				ENABLE_NS_ASSERTIONS = NO;
				ENABLE_STRICT_OBJC_MSGSEND = YES;
				GCC_C_LANGUAGE_STANDARD = gnu99;
				GCC_NO_COMMON_BLOCKS = YES;
				GCC_WARN_64_TO_32_BIT_CONVERSION = YES;
				GCC_WARN_ABOUT_RETURN_TYPE = YES_ERROR;
				GCC_WARN_UNDECLARED_SELECTOR = YES;
				GCC_WARN_UNINITIALIZED_AUTOS = YES_AGGRESSIVE;
				GCC_WARN_UNUSED_FUNCTION = YES;
				GCC_WARN_UNUSED_VARIABLE = YES;
				IPHONEOS_DEPLOYMENT_TARGET = 10.2;
				MTL_ENABLE_DEBUG_INFO = NO;
				SDKROOT = iphoneos;
				SWIFT_OPTIMIZATION_LEVEL = "-Owholemodule";
				TARGETED_DEVICE_FAMILY = "1,2";
				VALIDATE_PRODUCT = YES;
			};
			name = Release;
		};
		913038301DD5126200885AE2 /* Debug */ = {
			isa = XCBuildConfiguration;
			baseConfigurationReference = 8A1FEDC92733C29E1BEABE76 /* Pods-lifetracker.debug.xcconfig */;
			buildSettings = {
				ASSETCATALOG_COMPILER_APPICON_NAME = AppIcon;
				FRAMEWORK_SEARCH_PATHS = (
					"$(inherited)",
					"$(PROJECT_DIR)",
					"/Users/BenjaminDanzig/Coding/realm-swift-2.0.3/ios/swift-2.2",
				);
				INFOPLIST_FILE = lifetracker/Info.plist;
				LD_RUNPATH_SEARCH_PATHS = "$(inherited) @executable_path/Frameworks";
				PRODUCT_BUNDLE_IDENTIFIER = edu.umass.lifetracker;
				PRODUCT_NAME = "$(TARGET_NAME)";
				SWIFT_VERSION = 3.0;
			};
			name = Debug;
		};
		913038311DD5126200885AE2 /* Release */ = {
			isa = XCBuildConfiguration;
			baseConfigurationReference = 2EE7FC081E44D342A2311026 /* Pods-lifetracker.release.xcconfig */;
			buildSettings = {
				ASSETCATALOG_COMPILER_APPICON_NAME = AppIcon;
				FRAMEWORK_SEARCH_PATHS = (
					"$(inherited)",
					"$(PROJECT_DIR)",
					"/Users/BenjaminDanzig/Coding/realm-swift-2.0.3/ios/swift-2.2",
				);
				INFOPLIST_FILE = lifetracker/Info.plist;
				LD_RUNPATH_SEARCH_PATHS = "$(inherited) @executable_path/Frameworks";
				PRODUCT_BUNDLE_IDENTIFIER = edu.umass.lifetracker;
				PRODUCT_NAME = "$(TARGET_NAME)";
				SWIFT_VERSION = 3.0;
			};
			name = Release;
		};
/* End XCBuildConfiguration section */

/* Begin XCConfigurationList section */
		913038161DD5126100885AE2 /* Build configuration list for PBXProject "lifetracker" */ = {
			isa = XCConfigurationList;
			buildConfigurations = (
				9130382D1DD5126200885AE2 /* Debug */,
				9130382E1DD5126200885AE2 /* Release */,
			);
			defaultConfigurationIsVisible = 0;
			defaultConfigurationName = Release;
		};
		9130382F1DD5126200885AE2 /* Build configuration list for PBXNativeTarget "lifetracker" */ = {
			isa = XCConfigurationList;
			buildConfigurations = (
				913038301DD5126200885AE2 /* Debug */,
				913038311DD5126200885AE2 /* Release */,
			);
			defaultConfigurationIsVisible = 0;
			defaultConfigurationName = Release;
		};
/* End XCConfigurationList section */
	};
	rootObject = 913038131DD5126100885AE2 /* Project object */;
}
